{
  "nodes": {
    "flake-parts": {
      "inputs": {
        "nixpkgs-lib": "nixpkgs-lib"
      },
      "locked": {
        "lastModified": 1704982712,
        "narHash": "sha256-2Ptt+9h8dczgle2Oo6z5ni5rt/uLMG47UFTR1ry/wgg=",
        "owner": "hercules-ci",
        "repo": "flake-parts",
        "rev": "07f6395285469419cf9d078f59b5b49993198c00",
        "type": "github"
      },
      "original": {
        "id": "flake-parts",
        "type": "indirect"
      }
    },
    "flake-parts_2": {
      "inputs": {
        "nixpkgs-lib": "nixpkgs-lib_2"
      },
      "locked": {
        "lastModified": 1704982712,
        "narHash": "sha256-2Ptt+9h8dczgle2Oo6z5ni5rt/uLMG47UFTR1ry/wgg=",
        "owner": "hercules-ci",
        "repo": "flake-parts",
        "rev": "07f6395285469419cf9d078f59b5b49993198c00",
        "type": "github"
      },
      "original": {
        "id": "flake-parts",
        "type": "indirect"
      }
    },
    "flake-parts_3": {
      "inputs": {
        "nixpkgs-lib": "nixpkgs-lib_3"
      },
      "locked": {
        "lastModified": 1704982712,
        "narHash": "sha256-2Ptt+9h8dczgle2Oo6z5ni5rt/uLMG47UFTR1ry/wgg=",
        "owner": "hercules-ci",
        "repo": "flake-parts",
        "rev": "07f6395285469419cf9d078f59b5b49993198c00",
        "type": "github"
      },
      "original": {
        "id": "flake-parts",
        "type": "indirect"
      }
    },
    "flake-parts_4": {
      "inputs": {
        "nixpkgs-lib": "nixpkgs-lib_4"
      },
      "locked": {
        "lastModified": 1704982712,
        "narHash": "sha256-2Ptt+9h8dczgle2Oo6z5ni5rt/uLMG47UFTR1ry/wgg=",
        "owner": "hercules-ci",
        "repo": "flake-parts",
        "rev": "07f6395285469419cf9d078f59b5b49993198c00",
        "type": "github"
      },
      "original": {
        "id": "flake-parts",
        "type": "indirect"
      }
    },
    "flake-parts_5": {
      "inputs": {
        "nixpkgs-lib": "nixpkgs-lib_5"
      },
      "locked": {
        "lastModified": 1704982712,
        "narHash": "sha256-2Ptt+9h8dczgle2Oo6z5ni5rt/uLMG47UFTR1ry/wgg=",
        "owner": "hercules-ci",
        "repo": "flake-parts",
        "rev": "07f6395285469419cf9d078f59b5b49993198c00",
        "type": "github"
      },
      "original": {
        "id": "flake-parts",
        "type": "indirect"
      }
    },
    "flake-utils": {
      "inputs": {
        "systems": "systems"
      },
      "locked": {
        "lastModified": 1694529238,
        "narHash": "sha256-zsNZZGTGnMOf9YpHKJqMSsa0dXbfmxeoJ7xHlrt+xmY=",
        "owner": "numtide",
        "repo": "flake-utils",
        "rev": "ff7b65b44d01cf9ba6a71320833626af21126384",
        "type": "github"
      },
      "original": {
        "owner": "numtide",
        "repo": "flake-utils",
        "type": "github"
      }
    },
    "ipopt": {
      "inputs": {
        "flake-parts": "flake-parts_3",
        "mumps": "mumps",
        "nixpkgs": "nixpkgs_4"
      },
      "locked": {
        "lastModified": 1706276124,
        "narHash": "sha256-8423Rb3ikv4FodIOMqqGY0857Q0MvDMksKcIvIFDs/U=",
        "owner": "dzmitry-lahoda-forks",
        "repo": "Ipopt",
        "rev": "3eabbd888a6c5b83448083876722296ce20039c3",
        "type": "github"
      },
      "original": {
        "owner": "dzmitry-lahoda-forks",
        "repo": "Ipopt",
        "rev": "3eabbd888a6c5b83448083876722296ce20039c3",
        "type": "github"
      }
    },
    "maturin-src": {
      "flake": false,
      "locked": {
        "lastModified": 1705891937,
        "narHash": "sha256-WplvAwYDkcC0B61YcN4xYeKkIBnPKxu/tafK+dbLvgo=",
        "owner": "PyO3",
        "repo": "maturin",
        "rev": "17775abce0a0f79716142928401e16e2d86bf755",
        "type": "github"
      },
      "original": {
        "owner": "PyO3",
        "repo": "maturin",
        "type": "github"
      }
    },
    "mumps": {
      "inputs": {
        "flake-parts": "flake-parts_4",
        "mumps-src": "mumps-src",
        "nixpkgs": "nixpkgs_3"
      },
      "locked": {
        "lastModified": 1706223011,
        "narHash": "sha256-7BuI5AMvb4zqMdkpyqM1m1EjAVMjORdo6DC7ARFs3GY=",
        "owner": "dzmitry-lahoda-forks",
        "repo": "mumps",
        "rev": "1b56c9295f8cf23ddb20400c44255fa984526977",
        "type": "github"
      },
      "original": {
        "owner": "dzmitry-lahoda-forks",
        "repo": "mumps",
        "rev": "1b56c9295f8cf23ddb20400c44255fa984526977",
        "type": "github"
      }
    },
    "mumps-src": {
      "flake": false,
      "locked": {
        "narHash": "sha256-9RgPjZ+4YI/ZMP2UcKofDak+GEJ7eFvmHUWRmeMmnbc=",
        "type": "tarball",
        "url": "https://mumps-solver.org/MUMPS_5.6.2.tar.gz"
      },
      "original": {
        "type": "tarball",
        "url": "https://mumps-solver.org/MUMPS_5.6.2.tar.gz"
      }
    },
    "mumps-src_2": {
      "flake": false,
      "locked": {
        "narHash": "sha256-9RgPjZ+4YI/ZMP2UcKofDak+GEJ7eFvmHUWRmeMmnbc=",
        "type": "tarball",
        "url": "https://mumps-solver.org/MUMPS_5.6.2.tar.gz"
      },
      "original": {
        "type": "tarball",
        "url": "https://mumps-solver.org/MUMPS_5.6.2.tar.gz"
      }
    },
    "mumps_2": {
      "inputs": {
        "flake-parts": "flake-parts_5",
        "mumps-src": "mumps-src_2",
        "nixpkgs": "nixpkgs_5"
      },
      "locked": {
        "lastModified": 1706223011,
        "narHash": "sha256-7BuI5AMvb4zqMdkpyqM1m1EjAVMjORdo6DC7ARFs3GY=",
        "owner": "dzmitry-lahoda-forks",
        "repo": "mumps",
        "rev": "1b56c9295f8cf23ddb20400c44255fa984526977",
        "type": "github"
      },
      "original": {
        "owner": "dzmitry-lahoda-forks",
        "repo": "mumps",
        "rev": "1b56c9295f8cf23ddb20400c44255fa984526977",
        "type": "github"
      }
    },
    "nix-github-actions": {
      "inputs": {
        "nixpkgs": [
          "poetry2nix",
          "nixpkgs"
        ]
      },
      "locked": {
        "lastModified": 1698974481,
        "narHash": "sha256-yPncV9Ohdz1zPZxYHQf47S8S0VrnhV7nNhCawY46hDA=",
        "owner": "nix-community",
        "repo": "nix-github-actions",
        "rev": "4bb5e752616262457bc7ca5882192a564c0472d2",
        "type": "github"
      },
      "original": {
        "owner": "nix-community",
        "repo": "nix-github-actions",
        "type": "github"
      }
    },
    "nixpkgs": {
      "locked": {
        "lastModified": 1705677747,
        "narHash": "sha256-eyM3okYtMgYDgmYukoUzrmuoY4xl4FUujnsv/P6I/zI=",
        "owner": "NixOS",
        "repo": "nixpkgs",
        "rev": "bbe7d8f876fbbe7c959c90ba2ae2852220573261",
        "type": "github"
      },
      "original": {
        "owner": "NixOS",
        "ref": "nixos-unstable",
        "repo": "nixpkgs",
        "type": "github"
      }
    },
    "nixpkgs-lib": {
      "locked": {
        "dir": "lib",
        "lastModified": 1703961334,
        "narHash": "sha256-M1mV/Cq+pgjk0rt6VxoyyD+O8cOUiai8t9Q6Yyq4noY=",
        "owner": "NixOS",
        "repo": "nixpkgs",
        "rev": "b0d36bd0a420ecee3bc916c91886caca87c894e9",
        "type": "github"
      },
      "original": {
        "dir": "lib",
        "owner": "NixOS",
        "ref": "nixos-unstable",
        "repo": "nixpkgs",
        "type": "github"
      }
    },
    "nixpkgs-lib_2": {
      "locked": {
        "dir": "lib",
        "lastModified": 1703961334,
        "narHash": "sha256-M1mV/Cq+pgjk0rt6VxoyyD+O8cOUiai8t9Q6Yyq4noY=",
        "owner": "NixOS",
        "repo": "nixpkgs",
        "rev": "b0d36bd0a420ecee3bc916c91886caca87c894e9",
        "type": "github"
      },
      "original": {
        "dir": "lib",
        "owner": "NixOS",
        "ref": "nixos-unstable",
        "repo": "nixpkgs",
        "type": "github"
      }
    },
    "nixpkgs-lib_3": {
      "locked": {
        "dir": "lib",
        "lastModified": 1703961334,
        "narHash": "sha256-M1mV/Cq+pgjk0rt6VxoyyD+O8cOUiai8t9Q6Yyq4noY=",
        "owner": "NixOS",
        "repo": "nixpkgs",
        "rev": "b0d36bd0a420ecee3bc916c91886caca87c894e9",
        "type": "github"
      },
      "original": {
        "dir": "lib",
        "owner": "NixOS",
        "ref": "nixos-unstable",
        "repo": "nixpkgs",
        "type": "github"
      }
    },
    "nixpkgs-lib_4": {
      "locked": {
        "dir": "lib",
        "lastModified": 1703961334,
        "narHash": "sha256-M1mV/Cq+pgjk0rt6VxoyyD+O8cOUiai8t9Q6Yyq4noY=",
        "owner": "NixOS",
        "repo": "nixpkgs",
        "rev": "b0d36bd0a420ecee3bc916c91886caca87c894e9",
        "type": "github"
      },
      "original": {
        "dir": "lib",
        "owner": "NixOS",
        "ref": "nixos-unstable",
        "repo": "nixpkgs",
        "type": "github"
      }
    },
    "nixpkgs-lib_5": {
      "locked": {
        "dir": "lib",
        "lastModified": 1703961334,
        "narHash": "sha256-M1mV/Cq+pgjk0rt6VxoyyD+O8cOUiai8t9Q6Yyq4noY=",
        "owner": "NixOS",
        "repo": "nixpkgs",
        "rev": "b0d36bd0a420ecee3bc916c91886caca87c894e9",
        "type": "github"
      },
      "original": {
        "dir": "lib",
        "owner": "NixOS",
        "ref": "nixos-unstable",
        "repo": "nixpkgs",
        "type": "github"
      }
    },
    "nixpkgs_2": {
      "locked": {
        "lastModified": 1705865336,
        "narHash": "sha256-UYGuemCuVicKo9iOgh9y1ZcYL6YxKCqFkqMfFzvH0vM=",
        "owner": "NixOS",
        "repo": "nixpkgs",
        "rev": "71ef6600a9668a897374cbd541390e8429bfcfb3",
        "type": "github"
      },
      "original": {
        "owner": "NixOS",
        "ref": "master",
        "repo": "nixpkgs",
        "type": "github"
      }
    },
    "nixpkgs_3": {
      "locked": {
        "lastModified": 1705496572,
        "narHash": "sha256-rPIe9G5EBLXdBdn9ilGc0nq082lzQd0xGGe092R/5QE=",
        "owner": "NixOS",
        "repo": "nixpkgs",
        "rev": "842d9d80cfd4560648c785f8a4e6f3b096790e19",
        "type": "github"
      },
      "original": {
        "owner": "NixOS",
        "ref": "nixos-unstable",
        "repo": "nixpkgs",
        "type": "github"
      }
    },
    "nixpkgs_4": {
      "locked": {
        "lastModified": 1705496572,
        "narHash": "sha256-rPIe9G5EBLXdBdn9ilGc0nq082lzQd0xGGe092R/5QE=",
        "owner": "NixOS",
        "repo": "nixpkgs",
        "rev": "842d9d80cfd4560648c785f8a4e6f3b096790e19",
        "type": "github"
      },
      "original": {
        "owner": "NixOS",
        "ref": "nixos-unstable",
        "repo": "nixpkgs",
        "type": "github"
      }
    },
    "nixpkgs_5": {
      "locked": {
        "lastModified": 1705496572,
        "narHash": "sha256-rPIe9G5EBLXdBdn9ilGc0nq082lzQd0xGGe092R/5QE=",
        "owner": "NixOS",
        "repo": "nixpkgs",
        "rev": "842d9d80cfd4560648c785f8a4e6f3b096790e19",
        "type": "github"
      },
      "original": {
        "owner": "NixOS",
        "ref": "nixos-unstable",
        "repo": "nixpkgs",
        "type": "github"
      }
    },
    "papilo-src": {
      "flake": false,
      "locked": {
        "lastModified": 1705048944,
        "narHash": "sha256-E0J9bQucEoea4xWsEj+cSOB0zbd4Ra28M0HrvUzdHIk=",
        "owner": "scipopt",
        "repo": "papilo",
        "rev": "e0c6df4dc6f6ddea615dba57e38352e592fc8a2a",
        "type": "github"
      },
      "original": {
        "owner": "scipopt",
        "repo": "papilo",
        "type": "github"
      }
    },
    "poetry2nix": {
      "inputs": {
        "flake-utils": "flake-utils",
        "nix-github-actions": "nix-github-actions",
        "nixpkgs": "nixpkgs_2",
        "systems": "systems_2",
        "treefmt-nix": "treefmt-nix"
      },
      "locked": {
        "lastModified": 1705060653,
        "narHash": "sha256-puYyylgrBS4AFAHeyVRTjTUVD8DZdecJfymWJe7H438=",
        "owner": "nix-community",
        "repo": "poetry2nix",
        "rev": "e0b44e9e2d3aa855d1dd77b06f067cd0e0c3860d",
        "type": "github"
      },
      "original": {
        "id": "poetry2nix",
        "type": "indirect"
      }
    },
    "pyscipopt-src": {
      "flake": false,
      "locked": {
        "lastModified": 1701706375,
        "narHash": "sha256-xI5auBByQIA/eb/u1/8u7A0xyZHeRMw3hA+BGTFWf84=",
        "owner": "scipopt",
        "repo": "PySCIPOpt",
        "rev": "0b6bb13db6dd6eafa1ece660dedee11f4c226865",
        "type": "github"
      },
      "original": {
        "owner": "scipopt",
        "ref": "v4.4.0",
        "repo": "PySCIPOpt",
        "type": "github"
      }
    },
    "root": {
      "inputs": {
        "flake-parts": "flake-parts",
        "maturin-src": "maturin-src",
        "nixpkgs": "nixpkgs",
        "poetry2nix": "poetry2nix",
        "pyscipopt-src": "pyscipopt-src",
        "scip": "scip"
      }
    },
    "scip": {
      "inputs": {
        "flake-parts": "flake-parts_2",
        "ipopt": "ipopt",
        "mumps": "mumps_2",
        "nixpkgs": [
          "nixpkgs"
        ],
        "papilo-src": "papilo-src",
        "soplex-src": "soplex-src",
        "suite-src": "suite-src"
      },
      "locked": {
        "lastModified": 1706276473,
        "narHash": "sha256-afp8Smv77sYq27oqq50iy9ScbsISaZc4WNEqTimOkvw=",
        "owner": "dzmitry-lahoda-forks",
        "repo": "scip",
        "rev": "d3d14840f8b87afbf9e6a7064cb7dbae7e386622",
        "type": "github"
      },
      "original": {
        "owner": "dzmitry-lahoda-forks",
        "repo": "scip",
        "rev": "d3d14840f8b87afbf9e6a7064cb7dbae7e386622",
        "type": "github"
      }
    },
    "soplex-src": {
      "flake": false,
      "locked": {
        "lastModified": 1705653601,
        "narHash": "sha256-S6f8I2i0MsY2MY/jYymvKvltkfmwMeg0qnRF2jXO0V4=",
        "owner": "scipopt",
        "repo": "soplex",
        "rev": "b10b149cddfd4f5e424c2986e53ce01dd815cdb8",
        "type": "github"
      },
      "original": {
        "owner": "scipopt",
        "repo": "soplex",
        "type": "github"
      }
    },
    "suite-src": {
      "flake": false,
      "locked": {
        "narHash": "sha256-UcA6II/h4QACKHtE/DrwRWw9UEiPmmLevnAh2uO3yPk=",
        "type": "tarball",
        "url": "https://scipopt.org/download/release/scipoptsuite-8.0.3.tgz"
      },
      "original": {
        "type": "tarball",
        "url": "https://scipopt.org/download/release/scipoptsuite-8.0.3.tgz"
      }
    },
    "systems": {
      "locked": {
        "lastModified": 1681028828,
        "narHash": "sha256-Vy1rq5AaRuLzOxct8nz4T6wlgyUR7zLU309k9mBC768=",
        "owner": "nix-systems",
        "repo": "default",
        "rev": "da67096a3b9bf56a91d16901293e51ba5b49a27e",
        "type": "github"
      },
      "original": {
        "owner": "nix-systems",
        "repo": "default",
        "type": "github"
      }
    },
    "systems_2": {
      "locked": {
        "lastModified": 1681028828,
        "narHash": "sha256-Vy1rq5AaRuLzOxct8nz4T6wlgyUR7zLU309k9mBC768=",
        "owner": "nix-systems",
        "repo": "default",
        "rev": "da67096a3b9bf56a91d16901293e51ba5b49a27e",
        "type": "github"
      },
      "original": {
        "id": "systems",
        "type": "indirect"
      }
    },
    "treefmt-nix": {
      "inputs": {
        "nixpkgs": [
          "poetry2nix",
          "nixpkgs"
        ]
      },
      "locked": {
        "lastModified": 1699786194,
        "narHash": "sha256-3h3EH1FXQkIeAuzaWB+nK0XK54uSD46pp+dMD3gAcB4=",
        "owner": "numtide",
        "repo": "treefmt-nix",
        "rev": "e82f32aa7f06bbbd56d7b12186d555223dc399d1",
        "type": "github"
      },
      "original": {
        "owner": "numtide",
        "repo": "treefmt-nix",
        "type": "github"
      }
    }
  },
  "root": "root",
  "version": 7
}
